// !$*UTF8*$!
{
	archiveVersion = 1;
	classes = {
	};
	objectVersion = 50;
	objects = {

/* Begin PBXBuildFile section */
		750485E121F78BAF007DE61F /* AppDelegate.swift in Sources */ = {isa = PBXBuildFile; fileRef = 750485E021F78BAF007DE61F /* AppDelegate.swift */; };
		750485E321F78BAF007DE61F /* ViewController.swift in Sources */ = {isa = PBXBuildFile; fileRef = 750485E221F78BAF007DE61F /* ViewController.swift */; };
		750485E621F78BAF007DE61F /* Main.storyboard in Resources */ = {isa = PBXBuildFile; fileRef = 750485E421F78BAF007DE61F /* Main.storyboard */; };
		750485E821F78BB2007DE61F /* Assets.xcassets in Resources */ = {isa = PBXBuildFile; fileRef = 750485E721F78BB2007DE61F /* Assets.xcassets */; };
		750485EB21F78BB2007DE61F /* LaunchScreen.storyboard in Resources */ = {isa = PBXBuildFile; fileRef = 750485E921F78BB2007DE61F /* LaunchScreen.storyboard */; };
		750485F621F78BB2007DE61F /* QuizTests.swift in Sources */ = {isa = PBXBuildFile; fileRef = 750485F521F78BB2007DE61F /* QuizTests.swift */; };
		7504860121F78BB2007DE61F /* QuizUITests.swift in Sources */ = {isa = PBXBuildFile; fileRef = 7504860021F78BB2007DE61F /* QuizUITests.swift */; };
/* End PBXBuildFile section */

/* Begin PBXContainerItemProxy section */
		750485F221F78BB2007DE61F /* PBXContainerItemProxy */ = {
			isa = PBXContainerItemProxy;
			containerPortal = 750485D521F78BAF007DE61F /* Project object */;
			proxyType = 1;
			remoteGlobalIDString = 750485DC21F78BAF007DE61F;
			remoteInfo = Quiz;
		};
		750485FD21F78BB2007DE61F /* PBXContainerItemProxy */ = {
			isa = PBXContainerItemProxy;
			containerPortal = 750485D521F78BAF007DE61F /* Project object */;
			proxyType = 1;
			remoteGlobalIDString = 750485DC21F78BAF007DE61F;
			remoteInfo = Quiz;
		};
/* End PBXContainerItemProxy section */

/* Begin PBXFileReference section */
		750485DD21F78BAF007DE61F /* Quiz.app */ = {isa = PBXFileReference; explicitFileType = wrapper.application; includeInIndex = 0; path = Quiz.app; sourceTree = BUILT_PRODUCTS_DIR; };
		750485E021F78BAF007DE61F /* AppDelegate.swift */ = {isa = PBXFileReference; lastKnownFileType = sourcecode.swift; path = AppDelegate.swift; sourceTree = "<group>"; };
		750485E221F78BAF007DE61F /* ViewController.swift */ = {isa = PBXFileReference; lastKnownFileType = sourcecode.swift; path = ViewController.swift; sourceTree = "<group>"; };
		750485E521F78BAF007DE61F /* Base */ = {isa = PBXFileReference; lastKnownFileType = file.storyboard; name = Base; path = Base.lproj/Main.storyboard; sourceTree = "<group>"; };
		750485E721F78BB2007DE61F /* Assets.xcassets */ = {isa = PBXFileReference; lastKnownFileType = folder.assetcatalog; path = Assets.xcassets; sourceTree = "<group>"; };
		750485EA21F78BB2007DE61F /* Base */ = {isa = PBXFileReference; lastKnownFileType = file.storyboard; name = Base; path = Base.lproj/LaunchScreen.storyboard; sourceTree = "<group>"; };
		750485EC21F78BB2007DE61F /* Info.plist */ = {isa = PBXFileReference; lastKnownFileType = text.plist.xml; path = Info.plist; sourceTree = "<group>"; };
		750485F121F78BB2007DE61F /* QuizTests.xctest */ = {isa = PBXFileReference; explicitFileType = wrapper.cfbundle; includeInIndex = 0; path = QuizTests.xctest; sourceTree = BUILT_PRODUCTS_DIR; };
		750485F521F78BB2007DE61F /* QuizTests.swift */ = {isa = PBXFileReference; lastKnownFileType = sourcecode.swift; path = QuizTests.swift; sourceTree = "<group>"; };
		750485F721F78BB2007DE61F /* Info.plist */ = {isa = PBXFileReference; lastKnownFileType = text.plist.xml; path = Info.plist; sourceTree = "<group>"; };
		750485FC21F78BB2007DE61F /* QuizUITests.xctest */ = {isa = PBXFileReference; explicitFileType = wrapper.cfbundle; includeInIndex = 0; path = QuizUITests.xctest; sourceTree = BUILT_PRODUCTS_DIR; };
		7504860021F78BB2007DE61F /* QuizUITests.swift */ = {isa = PBXFileReference; lastKnownFileType = sourcecode.swift; path = QuizUITests.swift; sourceTree = "<group>"; };
		7504860221F78BB2007DE61F /* Info.plist */ = {isa = PBXFileReference; lastKnownFileType = text.plist.xml; path = Info.plist; sourceTree = "<group>"; };
/* End PBXFileReference section */

/* Begin PBXFrameworksBuildPhase section */
		750485DA21F78BAF007DE61F /* Frameworks */ = {
			isa = PBXFrameworksBuildPhase;
			buildActionMask = 2147483647;
			files = (
			);
			runOnlyForDeploymentPostprocessing = 0;
		};
		750485EE21F78BB2007DE61F /* Frameworks */ = {
			isa = PBXFrameworksBuildPhase;
			buildActionMask = 2147483647;
			files = (
			);
			runOnlyForDeploymentPostprocessing = 0;
		};
		750485F921F78BB2007DE61F /* Frameworks */ = {
			isa = PBXFrameworksBuildPhase;
			buildActionMask = 2147483647;
			files = (
			);
			runOnlyForDeploymentPostprocessing = 0;
		};
/* End PBXFrameworksBuildPhase section */

/* Begin PBXGroup section */
		750485D421F78BAF007DE61F = {
			isa = PBXGroup;
			children = (
				750485DF21F78BAF007DE61F /* Quiz */,
				750485F421F78BB2007DE61F /* QuizTests */,
				750485FF21F78BB2007DE61F /* QuizUITests */,
				750485DE21F78BAF007DE61F /* Products */,
			);
			sourceTree = "<group>";
		};
		750485DE21F78BAF007DE61F /* Products */ = {
			isa = PBXGroup;
			children = (
				750485DD21F78BAF007DE61F /* Quiz.app */,
				750485F121F78BB2007DE61F /* QuizTests.xctest */,
				750485FC21F78BB2007DE61F /* QuizUITests.xctest */,
			);
			name = Products;
			sourceTree = "<group>";
		};
		750485DF21F78BAF007DE61F /* Quiz */ = {
			isa = PBXGroup;
			children = (
				750485E021F78BAF007DE61F /* AppDelegate.swift */,
				750485E221F78BAF007DE61F /* ViewController.swift */,
				750485E421F78BAF007DE61F /* Main.storyboard */,
				750485E721F78BB2007DE61F /* Assets.xcassets */,
				750485E921F78BB2007DE61F /* LaunchScreen.storyboard */,
				750485EC21F78BB2007DE61F /* Info.plist */,
			);
			path = Quiz;
			sourceTree = "<group>";
		};
		750485F421F78BB2007DE61F /* QuizTests */ = {
			isa = PBXGroup;
			children = (
				750485F521F78BB2007DE61F /* QuizTests.swift */,
				750485F721F78BB2007DE61F /* Info.plist */,
			);
			path = QuizTests;
			sourceTree = "<group>";
		};
		750485FF21F78BB2007DE61F /* QuizUITests */ = {
			isa = PBXGroup;
			children = (
				7504860021F78BB2007DE61F /* QuizUITests.swift */,
				7504860221F78BB2007DE61F /* Info.plist */,
			);
			path = QuizUITests;
			sourceTree = "<group>";
		};
/* End PBXGroup section */

/* Begin PBXNativeTarget section */
		750485DC21F78BAF007DE61F /* Quiz */ = {
			isa = PBXNativeTarget;
			buildConfigurationList = 7504860521F78BB2007DE61F /* Build configuration list for PBXNativeTarget "Quiz" */;
			buildPhases = (
				750485D921F78BAF007DE61F /* Sources */,
				750485DA21F78BAF007DE61F /* Frameworks */,
				750485DB21F78BAF007DE61F /* Resources */,
			);
			buildRules = (
			);
			dependencies = (
			);
			name = Quiz;
			productName = Quiz;
			productReference = 750485DD21F78BAF007DE61F /* Quiz.app */;
			productType = "com.apple.product-type.application";
		};
		750485F021F78BB2007DE61F /* QuizTests */ = {
			isa = PBXNativeTarget;
			buildConfigurationList = 7504860821F78BB2007DE61F /* Build configuration list for PBXNativeTarget "QuizTests" */;
			buildPhases = (
				750485ED21F78BB2007DE61F /* Sources */,
				750485EE21F78BB2007DE61F /* Frameworks */,
				750485EF21F78BB2007DE61F /* Resources */,
			);
			buildRules = (
			);
			dependencies = (
				750485F321F78BB2007DE61F /* PBXTargetDependency */,
			);
			name = QuizTests;
			productName = QuizTests;
			productReference = 750485F121F78BB2007DE61F /* QuizTests.xctest */;
			productType = "com.apple.product-type.bundle.unit-test";
		};
		750485FB21F78BB2007DE61F /* QuizUITests */ = {
			isa = PBXNativeTarget;
			buildConfigurationList = 7504860B21F78BB2007DE61F /* Build configuration list for PBXNativeTarget "QuizUITests" */;
			buildPhases = (
				750485F821F78BB2007DE61F /* Sources */,
				750485F921F78BB2007DE61F /* Frameworks */,
				750485FA21F78BB2007DE61F /* Resources */,
			);
			buildRules = (
			);
			dependencies = (
				750485FE21F78BB2007DE61F /* PBXTargetDependency */,
			);
			name = QuizUITests;
			productName = QuizUITests;
			productReference = 750485FC21F78BB2007DE61F /* QuizUITests.xctest */;
			productType = "com.apple.product-type.bundle.ui-testing";
		};
/* End PBXNativeTarget section */

/* Begin PBXProject section */
		750485D521F78BAF007DE61F /* Project object */ = {
			isa = PBXProject;
			attributes = {
				LastSwiftUpdateCheck = 0940;
				LastUpgradeCheck = 0940;
				ORGANIZATIONNAME = "Paul Baker";
				TargetAttributes = {
					750485DC21F78BAF007DE61F = {
						CreatedOnToolsVersion = 9.4.1;
					};
					750485F021F78BB2007DE61F = {
						CreatedOnToolsVersion = 9.4.1;
						TestTargetID = 750485DC21F78BAF007DE61F;
					};
					750485FB21F78BB2007DE61F = {
						CreatedOnToolsVersion = 9.4.1;
						TestTargetID = 750485DC21F78BAF007DE61F;
					};
				};
			};
			buildConfigurationList = 750485D821F78BAF007DE61F /* Build configuration list for PBXProject "Quiz" */;
			compatibilityVersion = "Xcode 9.3";
			developmentRegion = en;
			hasScannedForEncodings = 0;
			knownRegions = (
				en,
				Base,
			);
			mainGroup = 750485D421F78BAF007DE61F;
			productRefGroup = 750485DE21F78BAF007DE61F /* Products */;
			projectDirPath = "";
			projectRoot = "";
			targets = (
				750485DC21F78BAF007DE61F /* Quiz */,
				750485F021F78BB2007DE61F /* QuizTests */,
				750485FB21F78BB2007DE61F /* QuizUITests */,
			);
		};
/* End PBXProject section */

/* Begin PBXResourcesBuildPhase section */
		750485DB21F78BAF007DE61F /* Resources */ = {
			isa = PBXResourcesBuildPhase;
			buildActionMask = 2147483647;
			files = (
				750485EB21F78BB2007DE61F /* LaunchScreen.storyboard in Resources */,
				750485E821F78BB2007DE61F /* Assets.xcassets in Resources */,
				750485E621F78BAF007DE61F /* Main.storyboard in Resources */,
			);
			runOnlyForDeploymentPostprocessing = 0;
		};
		750485EF21F78BB2007DE61F /* Resources */ = {
			isa = PBXResourcesBuildPhase;
			buildActionMask = 2147483647;
			files = (
			);
			runOnlyForDeploymentPostprocessing = 0;
		};
		750485FA21F78BB2007DE61F /* Resources */ = {
			isa = PBXResourcesBuildPhase;
			buildActionMask = 2147483647;
			files = (
			);
			runOnlyForDeploymentPostprocessing = 0;
		};
/* End PBXResourcesBuildPhase section */

/* Begin PBXSourcesBuildPhase section */
		750485D921F78BAF007DE61F /* Sources */ = {
			isa = PBXSourcesBuildPhase;
			buildActionMask = 2147483647;
			files = (
				750485E321F78BAF007DE61F /* ViewController.swift in Sources */,
				750485E121F78BAF007DE61F /* AppDelegate.swift in Sources */,
			);
			runOnlyForDeploymentPostprocessing = 0;
		};
		750485ED21F78BB2007DE61F /* Sources */ = {
			isa = PBXSourcesBuildPhase;
			buildActionMask = 2147483647;
			files = (
				750485F621F78BB2007DE61F /* QuizTests.swift in Sources */,
			);
			runOnlyForDeploymentPostprocessing = 0;
		};
		750485F821F78BB2007DE61F /* Sources */ = {
			isa = PBXSourcesBuildPhase;
			buildActionMask = 2147483647;
			files = (
				7504860121F78BB2007DE61F /* QuizUITests.swift in Sources */,
			);
			runOnlyForDeploymentPostprocessing = 0;
		};
/* End PBXSourcesBuildPhase section */

/* Begin PBXTargetDependency section */
		750485F321F78BB2007DE61F /* PBXTargetDependency */ = {
			isa = PBXTargetDependency;
			target = 750485DC21F78BAF007DE61F /* Quiz */;
			targetProxy = 750485F221F78BB2007DE61F /* PBXContainerItemProxy */;
		};
		750485FE21F78BB2007DE61F /* PBXTargetDependency */ = {
			isa = PBXTargetDependency;
			target = 750485DC21F78BAF007DE61F /* Quiz */;
			targetProxy = 750485FD21F78BB2007DE61F /* PBXContainerItemProxy */;
		};
/* End PBXTargetDependency section */

/* Begin PBXVariantGroup section */
		750485E421F78BAF007DE61F /* Main.storyboard */ = {
			isa = PBXVariantGroup;
			children = (
				750485E521F78BAF007DE61F /* Base */,
			);
			name = Main.storyboard;
			sourceTree = "<group>";
		};
		750485E921F78BB2007DE61F /* LaunchScreen.storyboard */ = {
			isa = PBXVariantGroup;
			children = (
				750485EA21F78BB2007DE61F /* Base */,
			);
			name = LaunchScreen.storyboard;
			sourceTree = "<group>";
		};
/* End PBXVariantGroup section */

/* Begin XCBuildConfiguration section */
		7504860321F78BB2007DE61F /* Debug */ = {
			isa = XCBuildConfiguration;
			buildSettings = {
				ALWAYS_SEARCH_USER_PATHS = NO;
				CLANG_ANALYZER_NONNULL = YES;
				CLANG_ANALYZER_NUMBER_OBJECT_CONVERSION = YES_AGGRESSIVE;
				CLANG_CXX_LANGUAGE_STANDARD = "gnu++14";
				CLANG_CXX_LIBRARY = "libc++";
				CLANG_ENABLE_MODULES = YES;
				CLANG_ENABLE_OBJC_ARC = YES;
				CLANG_ENABLE_OBJC_WEAK = YES;
				CLANG_WARN_BLOCK_CAPTURE_AUTORELEASING = YES;
				CLANG_WARN_BOOL_CONVERSION = YES;
				CLANG_WARN_COMMA = YES;
				CLANG_WARN_CONSTANT_CONVERSION = YES;
				CLANG_WARN_DEPRECATED_OBJC_IMPLEMENTATIONS = YES;
				CLANG_WARN_DIRECT_OBJC_ISA_USAGE = YES_ERROR;
				CLANG_WARN_DOCUMENTATION_COMMENTS = YES;
				CLANG_WARN_EMPTY_BODY = YES;
				CLANG_WARN_ENUM_CONVERSION = YES;
				CLANG_WARN_INFINITE_RECURSION = YES;
				CLANG_WARN_INT_CONVERSION = YES;
				CLANG_WARN_NON_LITERAL_NULL_CONVERSION = YES;
				CLANG_WARN_OBJC_IMPLICIT_RETAIN_SELF = YES;
				CLANG_WARN_OBJC_LITERAL_CONVERSION = YES;
				CLANG_WARN_OBJC_ROOT_CLASS = YES_ERROR;
				CLANG_WARN_RANGE_LOOP_ANALYSIS = YES;
				CLANG_WARN_STRICT_PROTOTYPES = YES;
				CLANG_WARN_SUSPICIOUS_MOVE = YES;
				CLANG_WARN_UNGUARDED_AVAILABILITY = YES_AGGRESSIVE;
				CLANG_WARN_UNREACHABLE_CODE = YES;
				CLANG_WARN__DUPLICATE_METHOD_MATCH = YES;
				CODE_SIGN_IDENTITY = "iPhone Developer";
				COPY_PHASE_STRIP = NO;
				DEBUG_INFORMATION_FORMAT = dwarf;
				ENABLE_STRICT_OBJC_MSGSEND = YES;
				ENABLE_TESTABILITY = YES;
				GCC_C_LANGUAGE_STANDARD = gnu11;
				GCC_DYNAMIC_NO_PIC = NO;
				GCC_NO_COMMON_BLOCKS = YES;
				GCC_OPTIMIZATION_LEVEL = 0;
				GCC_PREPROCESSOR_DEFINITIONS = (
					"DEBUG=1",
					"$(inherited)",
				);
				GCC_WARN_64_TO_32_BIT_CONVERSION = YES;
				GCC_WARN_ABOUT_RETURN_TYPE = YES_ERROR;
				GCC_WARN_UNDECLARED_SELECTOR = YES;
				GCC_WARN_UNINITIALIZED_AUTOS = YES_AGGRESSIVE;
				GCC_WARN_UNUSED_FUNCTION = YES;
				GCC_WARN_UNUSED_VARIABLE = YES;
				IPHONEOS_DEPLOYMENT_TARGET = 11.4;
				MTL_ENABLE_DEBUG_INFO = YES;
				ONLY_ACTIVE_ARCH = YES;
				SDKROOT = iphoneos;
				SWIFT_ACTIVE_COMPILATION_CONDITIONS = DEBUG;
				SWIFT_OPTIMIZATION_LEVEL = "-Onone";
			};
			name = Debug;
		};
		7504860421F78BB2007DE61F /* Release */ = {
			isa = XCBuildConfiguration;
			buildSettings = {
				ALWAYS_SEARCH_USER_PATHS = NO;
				CLANG_ANALYZER_NONNULL = YES;
				CLANG_ANALYZER_NUMBER_OBJECT_CONVERSION = YES_AGGRESSIVE;
				CLANG_CXX_LANGUAGE_STANDARD = "gnu++14";
				CLANG_CXX_LIBRARY = "libc++";
				CLANG_ENABLE_MODULES = YES;
				CLANG_ENABLE_OBJC_ARC = YES;
				CLANG_ENABLE_OBJC_WEAK = YES;
				CLANG_WARN_BLOCK_CAPTURE_AUTORELEASING = YES;
				CLANG_WARN_BOOL_CONVERSION = YES;
				CLANG_WARN_COMMA = YES;
				CLANG_WARN_CONSTANT_CONVERSION = YES;
				CLANG_WARN_DEPRECATED_OBJC_IMPLEMENTATIONS = YES;
				CLANG_WARN_DIRECT_OBJC_ISA_USAGE = YES_ERROR;
				CLANG_WARN_DOCUMENTATION_COMMENTS = YES;
				CLANG_WARN_EMPTY_BODY = YES;
				CLANG_WARN_ENUM_CONVERSION = YES;
				CLANG_WARN_INFINITE_RECURSION = YES;
				CLANG_WARN_INT_CONVERSION = YES;
				CLANG_WARN_NON_LITERAL_NULL_CONVERSION = YES;
				CLANG_WARN_OBJC_IMPLICIT_RETAIN_SELF = YES;
				CLANG_WARN_OBJC_LITERAL_CONVERSION = YES;
				CLANG_WARN_OBJC_ROOT_CLASS = YES_ERROR;
				CLANG_WARN_RANGE_LOOP_ANALYSIS = YES;
				CLANG_WARN_STRICT_PROTOTYPES = YES;
				CLANG_WARN_SUSPICIOUS_MOVE = YES;
				CLANG_WARN_UNGUARDED_AVAILABILITY = YES_AGGRESSIVE;
				CLANG_WARN_UNREACHABLE_CODE = YES;
				CLANG_WARN__DUPLICATE_METHOD_MATCH = YES;
				CODE_SIGN_IDENTITY = "iPhone Developer";
				COPY_PHASE_STRIP = NO;
				DEBUG_INFORMATION_FORMAT = "dwarf-with-dsym";
				ENABLE_NS_ASSERTIONS = NO;
				ENABLE_STRICT_OBJC_MSGSEND = YES;
				GCC_C_LANGUAGE_STANDARD = gnu11;
				GCC_NO_COMMON_BLOCKS = YES;
				GCC_WARN_64_TO_32_BIT_CONVERSION = YES;
				GCC_WARN_ABOUT_RETURN_TYPE = YES_ERROR;
				GCC_WARN_UNDECLARED_SELECTOR = YES;
				GCC_WARN_UNINITIALIZED_AUTOS = YES_AGGRESSIVE;
				GCC_WARN_UNUSED_FUNCTION = YES;
				GCC_WARN_UNUSED_VARIABLE = YES;
				IPHONEOS_DEPLOYMENT_TARGET = 11.4;
				MTL_ENABLE_DEBUG_INFO = NO;
				SDKROOT = iphoneos;
				SWIFT_COMPILATION_MODE = wholemodule;
				SWIFT_OPTIMIZATION_LEVEL = "-O";
				VALIDATE_PRODUCT = YES;
			};
			name = Release;
		};
		7504860621F78BB2007DE61F /* Debug */ = {
			isa = XCBuildConfiguration;
			buildSettings = {
				ASSETCATALOG_COMPILER_APPICON_NAME = AppIcon;
				CODE_SIGN_STYLE = Automatic;
				DEVELOPMENT_TEAM = "";
				INFOPLIST_FILE = Quiz/Info.plist;
				LD_RUNPATH_SEARCH_PATHS = (
					"$(inherited)",
					"@executable_path/Frameworks",
				);
				PRODUCT_BUNDLE_IDENTIFIER = PB.Quiz;
				PRODUCT_NAME = "$(TARGET_NAME)";
				SWIFT_VERSION = 4.0;
				TARGETED_DEVICE_FAMILY = "1,2";
			};
			name = Debug;
		};
		7504860721F78BB2007DE61F /* Release */ = {
			isa = XCBuildConfiguration;
			buildSettings = {
				ASSETCATALOG_COMPILER_APPICON_NAME = AppIcon;
				CODE_SIGN_STYLE = Automatic;
				DEVELOPMENT_TEAM = "";
				INFOPLIST_FILE = Quiz/Info.plist;
				LD_RUNPATH_SEARCH_PATHS = (
					"$(inherited)",
					"@executable_path/Frameworks",
				);
				PRODUCT_BUNDLE_IDENTIFIER = PB.Quiz;
				PRODUCT_NAME = "$(TARGET_NAME)";
				SWIFT_VERSION = 4.0;
				TARGETED_DEVICE_FAMILY = "1,2";
			};
			name = Release;
		};
		7504860921F78BB2007DE61F /* Debug */ = {
			isa = XCBuildConfiguration;
			buildSettings = {
				ALWAYS_EMBED_SWIFT_STANDARD_LIBRARIES = YES;
				BUNDLE_LOADER = "$(TEST_HOST)";
				CODE_SIGN_STYLE = Automatic;
				INFOPLIST_FILE = QuizTests/Info.plist;
				LD_RUNPATH_SEARCH_PATHS = (
					"$(inherited)",
					"@executable_path/Frameworks",
					"@loader_path/Frameworks",
				);
				PRODUCT_BUNDLE_IDENTIFIER = PB.QuizTests;
				PRODUCT_NAME = "$(TARGET_NAME)";
				SWIFT_VERSION = 4.0;
				TARGETED_DEVICE_FAMILY = "1,2";
				TEST_HOST = "$(BUILT_PRODUCTS_DIR)/Quiz.app/Quiz";
			};
			name = Debug;
		};
		7504860A21F78BB2007DE61F /* Release */ = {
			isa = XCBuildConfiguration;
			buildSettings = {
				ALWAYS_EMBED_SWIFT_STANDARD_LIBRARIES = YES;
				BUNDLE_LOADER = "$(TEST_HOST)";
				CODE_SIGN_STYLE = Automatic;
				INFOPLIST_FILE = QuizTests/Info.plist;
				LD_RUNPATH_SEARCH_PATHS = (
					"$(inherited)",
					"@executable_path/Frameworks",
					"@loader_path/Frameworks",
				);
				PRODUCT_BUNDLE_IDENTIFIER = PB.QuizTests;
				PRODUCT_NAME = "$(TARGET_NAME)";
				SWIFT_VERSION = 4.0;
				TARGETED_DEVICE_FAMILY = "1,2";
				TEST_HOST = "$(BUILT_PRODUCTS_DIR)/Quiz.app/Quiz";
			};
			name = Release;
		};
		7504860C21F78BB2007DE61F /* Debug */ = {
			isa = XCBuildConfiguration;
			buildSettings = {
				ALWAYS_EMBED_SWIFT_STANDARD_LIBRARIES = YES;
				CODE_SIGN_STYLE = Automatic;
				INFOPLIST_FILE = QuizUITests/Info.plist;
				LD_RUNPATH_SEARCH_PATHS = (
					"$(inherited)",
					"@executable_path/Frameworks",
					"@loader_path/Frameworks",
				);
				PRODUCT_BUNDLE_IDENTIFIER = PB.QuizUITests;
				PRODUCT_NAME = "$(TARGET_NAME)";
				SWIFT_VERSION = 4.0;
				TARGETED_DEVICE_FAMILY = "1,2";
				TEST_TARGET_NAME = Quiz;
			};
			name = Debug;
		};
		7504860D21F78BB2007DE61F /* Release */ = {
			isa = XCBuildConfiguration;
			buildSettings = {
				ALWAYS_EMBED_SWIFT_STANDARD_LIBRARIES = YES;
				CODE_SIGN_STYLE = Automatic;
				INFOPLIST_FILE = QuizUITests/Info.plist;
				LD_RUNPATH_SEARCH_PATHS = (
					"$(inherited)",
					"@executable_path/Frameworks",
					"@loader_path/Frameworks",
				);
				PRODUCT_BUNDLE_IDENTIFIER = PB.QuizUITests;
				PRODUCT_NAME = "$(TARGET_NAME)";
				SWIFT_VERSION = 4.0;
				TARGETED_DEVICE_FAMILY = "1,2";
				TEST_TARGET_NAME = Quiz;
			};
			name = Release;
		};
/* End XCBuildConfiguration section */

/* Begin XCConfigurationList section */
		750485D821F78BAF007DE61F /* Build configuration list for PBXProject "Quiz" */ = {
			isa = XCConfigurationList;
			buildConfigurations = (
				7504860321F78BB2007DE61F /* Debug */,
				7504860421F78BB2007DE61F /* Release */,
			);
			defaultConfigurationIsVisible = 0;
			defaultConfigurationName = Release;
		};
		7504860521F78BB2007DE61F /* Build configuration list for PBXNativeTarget "Quiz" */ = {
			isa = XCConfigurationList;
			buildConfigurations = (
				7504860621F78BB2007DE61F /* Debug */,
				7504860721F78BB2007DE61F /* Release */,
			);
			defaultConfigurationIsVisible = 0;
			defaultConfigurationName = Release;
		};
		7504860821F78BB2007DE61F /* Build configuration list for PBXNativeTarget "QuizTests" */ = {
			isa = XCConfigurationList;
			buildConfigurations = (
				7504860921F78BB2007DE61F /* Debug */,
				7504860A21F78BB2007DE61F /* Release */,
			);
			defaultConfigurationIsVisible = 0;
			defaultConfigurationName = Release;
		};
		7504860B21F78BB2007DE61F /* Build configuration list for PBXNativeTarget "QuizUITests" */ = {
			isa = XCConfigurationList;
			buildConfigurations = (
				7504860C21F78BB2007DE61F /* Debug */,
				7504860D21F78BB2007DE61F /* Release */,
			);
			defaultConfigurationIsVisible = 0;
			defaultConfigurationName = Release;
		};
/* End XCConfigurationList section */
	};
	rootObject = 750485D521F78BAF007DE61F /* Project object */;
}
